
Microsoft Visual Studio Solution File, Format Version 12.00
# Visual Studio Version 17
VisualStudioVersion = 17.6.33815.320
MinimumVisualStudioVersion = 10.0.40219.1
Project("{FAE04EC0-301F-11D3-BF4B-00C04F79EFBC}") = "AgeMath", "AgeMath\AgeMath.csproj", "{5A0CC498-DEB8-4894-9042-1ECD0DBA624A}"
EndProject
Global
	GlobalSection(SolutionConfigurationPlatforms) = preSolution
		Debug|Any CPU = Debug|Any CPU
		Release|Any CPU = Release|Any CPU
	EndGlobalSection
	GlobalSection(ProjectConfigurationPlatforms) = postSolution
		{5A0CC498-DEB8-4894-9042-1ECD0DBA624A}.Debug|Any CPU.ActiveCfg = Debug|Any CPU
		{5A0CC498-DEB8-4894-9042-1ECD0DBA624A}.Debug|Any CPU.Build.0 = Debug|Any CPU
		{5A0CC498-DEB8-4894-9042-1ECD0DBA624A}.Release|Any CPU.ActiveCfg = Release|Any CPU
		{5A0CC498-DEB8-4894-9042-1ECD0DBA624A}.Release|Any CPU.Build.0 = Release|Any CPU
	EndGlobalSection
	GlobalSection(SolutionProperties) = preSolution
		HideSolutionNode = FALSE
	EndGlobalSection
	GlobalSection(ExtensibilityGlobals) = postSolution
		SolutionGuid = {77FDA2C0-EF53-4CB9-83E1-DFBBFB59E959}
	EndGlobalSection
EndGlobal
